{
  "version": 4,
  "terraform_version": "1.5.6",
  "serial": 87,
  "lineage": "efebc55c-80cb-9cde-13b1-5454d12a4e33",
  "outputs": {
    "server_public_ip": {
      "value": "54.242.47.86",
      "type": "string"
    }
  },
  "resources": [
    {
      "mode": "data",
      "type": "aws_ami",
      "name": "app_and_web_server",
      "provider": "provider[\"registry.terraform.io/hashicorp/aws\"]",
      "instances": [
        {
          "schema_version": 0,
          "attributes": {
            "architecture": "x86_64",
            "arn": "arn:aws:ec2:us-east-1::image/ami-0588935a949f9ff17",
            "block_device_mappings": [
              {
                "device_name": "/dev/xvda",
                "ebs": {
                  "delete_on_termination": "true",
                  "encrypted": "false",
                  "iops": "0",
                  "snapshot_id": "snap-0c8dd082f09ab0460",
                  "throughput": "0",
                  "volume_size": "8",
                  "volume_type": "gp2"
                },
                "no_device": "",
                "virtual_name": ""
              }
            ],
            "boot_mode": "",
            "creation_date": "2023-11-17T00:57:04.000Z",
            "deprecation_time": "2025-07-01T00:00:00.000Z",
            "description": "Amazon Linux 2 AMI 2.0.20231116.0 x86_64 HVM gp2",
            "ena_support": true,
            "executable_users": null,
            "filter": [
              {
                "name": "name",
                "values": [
                  "amzn2-ami-hvm-*-x86_64-gp2"
                ]
              },
              {
                "name": "virtualization-type",
                "values": [
                  "hvm"
                ]
              }
            ],
            "hypervisor": "xen",
            "id": "ami-0588935a949f9ff17",
            "image_id": "ami-0588935a949f9ff17",
            "image_location": "amazon/amzn2-ami-hvm-2.0.20231116.0-x86_64-gp2",
            "image_owner_alias": "amazon",
            "image_type": "machine",
            "imds_support": "",
            "include_deprecated": false,
            "kernel_id": "",
            "most_recent": true,
            "name": "amzn2-ami-hvm-2.0.20231116.0-x86_64-gp2",
            "name_regex": null,
            "owner_id": "137112412989",
            "owners": [
              "137112412989"
            ],
            "platform": "",
            "platform_details": "Linux/UNIX",
            "product_codes": [],
            "public": true,
            "ramdisk_id": "",
            "root_device_name": "/dev/xvda",
            "root_device_type": "ebs",
            "root_snapshot_id": "snap-0c8dd082f09ab0460",
            "sriov_net_support": "simple",
            "state": "available",
            "state_reason": {
              "code": "UNSET",
              "message": "UNSET"
            },
            "tags": {},
            "timeouts": null,
            "tpm_support": "",
            "usage_operation": "RunInstances",
            "virtualization_type": "hvm"
          },
          "sensitive_attributes": []
        }
      ]
    },
    {
      "mode": "data",
      "type": "aws_iam_policy",
      "name": "policy_ssm_managed_instance_core",
      "provider": "provider[\"registry.terraform.io/hashicorp/aws\"]",
      "instances": [
        {
          "schema_version": 0,
          "attributes": {
            "arn": "arn:aws:iam::aws:policy/AmazonSSMManagedInstanceCore",
            "description": "The policy for Amazon EC2 Role to enable AWS Systems Manager service core functionality.",
            "id": "arn:aws:iam::aws:policy/AmazonSSMManagedInstanceCore",
            "name": "AmazonSSMManagedInstanceCore",
            "path": "/",
            "path_prefix": null,
            "policy": "{\n    \"Version\": \"2012-10-17\",\n    \"Statement\": [\n        {\n            \"Effect\": \"Allow\",\n            \"Action\": [\n                \"ssm:DescribeAssociation\",\n                \"ssm:GetDeployablePatchSnapshotForInstance\",\n                \"ssm:GetDocument\",\n                \"ssm:DescribeDocument\",\n                \"ssm:GetManifest\",\n                \"ssm:GetParameter\",\n                \"ssm:GetParameters\",\n                \"ssm:ListAssociations\",\n                \"ssm:ListInstanceAssociations\",\n                \"ssm:PutInventory\",\n                \"ssm:PutComplianceItems\",\n                \"ssm:PutConfigurePackageResult\",\n                \"ssm:UpdateAssociationStatus\",\n                \"ssm:UpdateInstanceAssociationStatus\",\n                \"ssm:UpdateInstanceInformation\"\n            ],\n            \"Resource\": \"*\"\n        },\n        {\n            \"Effect\": \"Allow\",\n            \"Action\": [\n                \"ssmmessages:CreateControlChannel\",\n                \"ssmmessages:CreateDataChannel\",\n                \"ssmmessages:OpenControlChannel\",\n                \"ssmmessages:OpenDataChannel\"\n            ],\n            \"Resource\": \"*\"\n        },\n        {\n            \"Effect\": \"Allow\",\n            \"Action\": [\n                \"ec2messages:AcknowledgeMessage\",\n                \"ec2messages:DeleteMessage\",\n                \"ec2messages:FailMessage\",\n                \"ec2messages:GetEndpoint\",\n                \"ec2messages:GetMessages\",\n                \"ec2messages:SendReply\"\n            ],\n            \"Resource\": \"*\"\n        }\n    ]\n}",
            "policy_id": "ANPAIXSHM2BNB2D3AXXRU",
            "tags": {}
          },
          "sensitive_attributes": []
        }
      ]
    },
    {
      "mode": "data",
      "type": "aws_iam_policy",
      "name": "policy_ssm_patch",
      "provider": "provider[\"registry.terraform.io/hashicorp/aws\"]",
      "instances": [
        {
          "schema_version": 0,
          "attributes": {
            "arn": "arn:aws:iam::aws:policy/AmazonSSMPatchAssociation",
            "description": "Provide access to child instances for patch association operation.",
            "id": "arn:aws:iam::aws:policy/AmazonSSMPatchAssociation",
            "name": "AmazonSSMPatchAssociation",
            "path": "/",
            "path_prefix": null,
            "policy": "{\n    \"Version\": \"2012-10-17\",\n    \"Statement\": [\n        {\n            \"Effect\": \"Allow\",\n            \"Action\": \"ssm:DescribeEffectivePatchesForPatchBaseline\",\n            \"Resource\": \"arn:aws:ssm:*:*:patchbaseline/*\"\n        },\n        {\n            \"Effect\": \"Allow\",\n            \"Action\": \"ssm:GetPatchBaseline\",\n            \"Resource\": \"arn:aws:ssm:*:*:patchbaseline/*\"\n        },\n        {\n            \"Effect\": \"Allow\",\n            \"Action\": \"tag:GetResources\",\n            \"Resource\": \"*\"\n        },\n        {\n            \"Effect\": \"Allow\",\n            \"Action\": \"ssm:DescribePatchBaselines\",\n            \"Resource\": \"*\"\n        }\n    ]\n}",
            "policy_id": "ANPAZKAPJZG4EWLEL5ZX7",
            "tags": {}
          },
          "sensitive_attributes": []
        }
      ]
    },
    {
      "mode": "data",
      "type": "aws_iam_policy_document",
      "name": "github_actions_assume_role",
      "provider": "provider[\"registry.terraform.io/hashicorp/aws\"]",
      "instances": [
        {
          "schema_version": 0,
          "attributes": {
            "id": "593899078",
            "json": "{\n  \"Version\": \"2012-10-17\",\n  \"Statement\": [\n    {\n      \"Effect\": \"Allow\",\n      \"Action\": \"sts:AssumeRoleWithWebIdentity\",\n      \"Principal\": {\n        \"Federated\": \"arn:aws:iam::080718382811:oidc-provider/token.actions.githubusercontent.com\"\n      },\n      \"Condition\": {\n        \"StringEquals\": {\n          \"token.actions.githubusercontent.com:aud\": \"sts.amazonaws.com\"\n        },\n        \"StringLike\": {\n          \"token.actions.githubusercontent.com:sub\": \"repo:abdelazziz20/bluewave-*:*\"\n        }\n      }\n    }\n  ]\n}",
            "override_policy_documents": null,
            "policy_id": null,
            "source_policy_documents": null,
            "statement": [
              {
                "actions": [
                  "sts:AssumeRoleWithWebIdentity"
                ],
                "condition": [
                  {
                    "test": "StringEquals",
                    "values": [
                      "sts.amazonaws.com"
                    ],
                    "variable": "token.actions.githubusercontent.com:aud"
                  },
                  {
                    "test": "StringLike",
                    "values": [
                      "repo:abdelazziz20/bluewave-*:*"
                    ],
                    "variable": "token.actions.githubusercontent.com:sub"
                  }
                ],
                "effect": "Allow",
                "not_actions": [],
                "not_principals": [],
                "not_resources": [],
                "principals": [
                  {
                    "identifiers": [
                      "arn:aws:iam::080718382811:oidc-provider/token.actions.githubusercontent.com"
                    ],
                    "type": "Federated"
                  }
                ],
                "resources": [],
                "sid": ""
              }
            ],
            "version": "2012-10-17"
          },
          "sensitive_attributes": []
        }
      ]
    },
    {
      "mode": "data",
      "type": "http",
      "name": "my_ip",
      "provider": "provider[\"registry.terraform.io/hashicorp/http\"]",
      "instances": [
        {
          "schema_version": 0,
          "attributes": {
            "body": "107.2.100.2\n",
            "ca_cert_pem": null,
            "id": "http://ipv4.icanhazip.com",
            "insecure": null,
            "method": null,
            "request_body": null,
            "request_headers": null,
            "request_timeout_ms": null,
            "response_body": "107.2.100.2\n",
            "response_body_base64": "MTA3LjIuMTAwLjIK",
            "response_headers": {
              "Access-Control-Allow-Methods": "GET",
              "Access-Control-Allow-Origin": "*",
              "Alt-Svc": "h3=\":443\"; ma=86400",
              "Cf-Ray": "829ac842e9634cbc-MSP",
              "Connection": "keep-alive",
              "Content-Length": "12",
              "Content-Type": "text/plain",
              "Date": "Tue, 21 Nov 2023 17:51:42 GMT",
              "Server": "cloudflare",
              "Set-Cookie": "__cf_bm=Z04cg7yyWAWP6Xz7bja9VRki8XfejaD0HeMTFLed8hM-1700589102-0-AQu0WWIhoVUtfR79GIHpyppTwYjsz8Zah5Qnoy/knJvNBhL4WJULxD+VHTdF/5Czsb7m0LtBD0+OzErTiTZQlfI=; path=/; expires=Tue, 21-Nov-23 18:21:42 GMT; domain=.icanhazip.com; HttpOnly; SameSite=None",
              "Vary": "Accept-Encoding"
            },
            "retry": null,
            "status_code": 200,
            "url": "http://ipv4.icanhazip.com"
          },
          "sensitive_attributes": []
        }
      ]
    },
    {
      "mode": "managed",
      "type": "aws_ecr_repository",
      "name": "bluewave_app",
      "provider": "provider[\"registry.terraform.io/hashicorp/aws\"]",
      "instances": [
        {
          "schema_version": 0,
          "attributes": {
            "arn": "arn:aws:ecr:us-east-1:080718382811:repository/bluewave-app",
            "encryption_configuration": [
              {
                "encryption_type": "AES256",
                "kms_key": ""
              }
            ],
            "force_delete": true,
            "id": "bluewave-app",
            "image_scanning_configuration": [
              {
                "scan_on_push": true
              }
            ],
            "image_tag_mutability": "IMMUTABLE",
            "name": "bluewave-app",
            "registry_id": "080718382811",
            "repository_url": "080718382811.dkr.ecr.us-east-1.amazonaws.com/bluewave-app",
            "tags": {
              "Name": "bluewave-ecr-repo-dev"
            },
            "tags_all": {
              "Name": "bluewave-ecr-repo-dev"
            },
            "timeouts": null
          },
          "sensitive_attributes": [],
          "private": "eyJlMmJmYjczMC1lY2FhLTExZTYtOGY4OC0zNDM2M2JjN2M0YzAiOnsiZGVsZXRlIjoxMjAwMDAwMDAwMDAwfX0="
        }
      ]
    },
    {
      "mode": "managed",
      "type": "aws_iam_instance_profile",
      "name": "ec2_ecr_instance_profile",
      "provider": "provider[\"registry.terraform.io/hashicorp/aws\"]",
      "instances": [
        {
          "schema_version": 0,
          "attributes": {
            "arn": "arn:aws:iam::080718382811:instance-profile/bluewave-instance-profile-dev",
            "create_date": "2023-11-21T17:52:01Z",
            "id": "bluewave-instance-profile-dev",
            "name": "bluewave-instance-profile-dev",
            "name_prefix": "",
            "path": "/",
            "role": "bluewave-ec2-ecr-role-dev",
            "tags": null,
            "tags_all": {},
            "unique_id": "AIPARFSZQY3N3KBGD7WOB"
          },
          "sensitive_attributes": [],
          "private": "bnVsbA==",
          "dependencies": [
            "aws_iam_role.ec2_ecr_role"
          ]
        }
      ]
    },
    {
      "mode": "managed",
      "type": "aws_iam_openid_connect_provider",
      "name": "github",
      "provider": "provider[\"registry.terraform.io/hashicorp/aws\"]",
      "instances": [
        {
          "schema_version": 0,
          "attributes": {
            "arn": "arn:aws:iam::080718382811:oidc-provider/token.actions.githubusercontent.com",
            "client_id_list": [
              "sts.amazonaws.com"
            ],
            "id": "arn:aws:iam::080718382811:oidc-provider/token.actions.githubusercontent.com",
            "tags": null,
            "tags_all": {},
            "thumbprint_list": [
              "a031c46782e6e6c662c2c87c76da9aa62ccabd8e"
            ],
            "url": "token.actions.githubusercontent.com"
          },
          "sensitive_attributes": [],
          "private": "bnVsbA=="
        }
      ]
    },
    {
      "mode": "managed",
      "type": "aws_iam_policy",
      "name": "ecr_read_policy",
      "provider": "provider[\"registry.terraform.io/hashicorp/aws\"]",
      "instances": [
        {
          "schema_version": 0,
          "attributes": {
            "arn": "arn:aws:iam::080718382811:policy/bluewave-ecr-read-policy-dev",
            "description": "A policy that allows pulling images from ECR.",
            "id": "arn:aws:iam::080718382811:policy/bluewave-ecr-read-policy-dev",
            "name": "bluewave-ecr-read-policy-dev",
            "name_prefix": "",
            "path": "/",
            "policy": "{\"Statement\":[{\"Action\":\"ecr:GetAuthorizationToken\",\"Effect\":\"Allow\",\"Resource\":\"*\"},{\"Action\":[\"ecr:BatchCheckLayerAvailability\",\"ecr:GetDownloadUrlForLayer\",\"ecr:GetRepositoryPolicy\",\"ecr:DescribeRepositories\",\"ecr:ListImages\",\"ecr:DescribeImages\",\"ecr:BatchGetImage\",\"ecr:InitiateLayerUpload\",\"ecr:UploadLayerPart\",\"ecr:CompleteLayerUpload\",\"ecr:PutImage\"],\"Effect\":\"Allow\",\"Resource\":\"arn:aws:ecr:us-east-1:080718382811:repository/bluewave-app\"}],\"Version\":\"2012-10-17\"}",
            "policy_id": "ANPARFSZQY3N33JCU56WK",
            "tags": null,
            "tags_all": {}
          },
          "sensitive_attributes": [],
          "private": "bnVsbA==",
          "dependencies": [
            "aws_ecr_repository.bluewave_app"
          ]
        }
      ]
    },
    {
      "mode": "managed",
      "type": "aws_iam_policy",
      "name": "github_actions_ecr_policy",
      "provider": "provider[\"registry.terraform.io/hashicorp/aws\"]",
      "instances": [
        {
          "schema_version": 0,
          "attributes": {
            "arn": "arn:aws:iam::080718382811:policy/bluewave-github-actions-ecr-access",
            "description": "",
            "id": "arn:aws:iam::080718382811:policy/bluewave-github-actions-ecr-access",
            "name": "bluewave-github-actions-ecr-access",
            "name_prefix": "",
            "path": "/",
            "policy": "{\"Statement\":[{\"Action\":\"secretsmanager:GetSecretValue\",\"Effect\":\"Allow\",\"Resource\":\"arn:aws:secretsmanager:us-east-1:080718382811:secret:bluewave-private-key-dev-TcYzRt\"},{\"Action\":\"ec2:DescribeInstances\",\"Effect\":\"Allow\",\"Resource\":\"*\"},{\"Action\":[\"ecr:GetAuthorizationToken\",\"ecr:BatchCheckLayerAvailability\",\"ecr:GetDownloadUrlForLayer\",\"ecr:GetRepositoryPolicy\",\"ecr:DescribeRepositories\",\"ecr:ListImages\",\"ecr:DescribeImages\",\"ecr:BatchGetImage\",\"ecr:InitiateLayerUpload\",\"ecr:UploadLayerPart\",\"ecr:CompleteLayerUpload\",\"ecr:PutImage\",\"ecr-public:GetAuthorizationToken\",\"sts:GetServiceBearerToken\",\"ecr-public:BatchCheckLayerAvailability\",\"ecr-public:GetRepositoryPolicy\",\"ecr-public:DescribeRepositories\",\"ecr-public:DescribeRegistries\",\"ecr-public:DescribeImages\",\"ecr-public:DescribeImageTags\",\"ecr-public:GetRepositoryCatalogData\",\"ecr-public:GetRegistryCatalogData\"],\"Effect\":\"Allow\",\"Resource\":\"*\"}],\"Version\":\"2012-10-17\"}",
            "policy_id": "ANPARFSZQY3N24H34NDHX",
            "tags": null,
            "tags_all": {}
          },
          "sensitive_attributes": [],
          "private": "bnVsbA==",
          "dependencies": [
            "aws_secretsmanager_secret.private_key"
          ]
        }
      ]
    },
    {
      "mode": "managed",
      "type": "aws_iam_policy",
      "name": "iam_policy_2",
      "provider": "provider[\"registry.terraform.io/hashicorp/aws\"]",
      "instances": [
        {
          "schema_version": 0,
          "attributes": {
            "arn": "arn:aws:iam::080718382811:policy/bluewave-ec2-additional-policy-dev",
            "description": "",
            "id": "arn:aws:iam::080718382811:policy/bluewave-ec2-additional-policy-dev",
            "name": "bluewave-ec2-additional-policy-dev",
            "name_prefix": "",
            "path": "/",
            "policy": "{\"Statement\":[{\"Action\":[\"ssmmessages:CreateControlChannel\",\"ssmmessages:CreateDataChannel\",\"ssmmessages:OpenControlChannel\",\"ssmmessages:OpenDataChannel\",\"ssm:UpdateInstanceInformation\"],\"Effect\":\"Allow\",\"Resource\":\"*\"},{\"Action\":[\"logs:CreateLogStream\",\"logs:PutLogEvents\",\"logs:DescribeLogGroups\",\"logs:DescribeLogStreams\"],\"Effect\":\"Allow\",\"Resource\":\"*\"},{\"Action\":[\"s3:PutObject\"],\"Effect\":\"Allow\",\"Resource\":\"*\"},{\"Action\":[\"s3:GetEncryptionConfiguration\"],\"Effect\":\"Allow\",\"Resource\":\"*\"},{\"Action\":[\"kms:Decrypt\"],\"Effect\":\"Allow\",\"Resource\":\"*\"},{\"Action\":\"kms:GenerateDataKey\",\"Effect\":\"Allow\",\"Resource\":\"*\"}],\"Version\":\"2012-10-17\"}",
            "policy_id": "ANPARFSZQY3NYJGGXBYZQ",
            "tags": null,
            "tags_all": {}
          },
          "sensitive_attributes": [],
          "private": "bnVsbA=="
        }
      ]
    },
    {
      "mode": "managed",
      "type": "aws_iam_role",
      "name": "ec2_ecr_role",
      "provider": "provider[\"registry.terraform.io/hashicorp/aws\"]",
      "instances": [
        {
          "schema_version": 0,
          "attributes": {
            "arn": "arn:aws:iam::080718382811:role/bluewave-ec2-ecr-role-dev",
            "assume_role_policy": "{\"Statement\":[{\"Action\":\"sts:AssumeRole\",\"Effect\":\"Allow\",\"Principal\":{\"Service\":\"ec2.amazonaws.com\"}}],\"Version\":\"2012-10-17\"}",
            "create_date": "2023-11-21T17:52:00Z",
            "description": "",
            "force_detach_policies": false,
            "id": "bluewave-ec2-ecr-role-dev",
            "inline_policy": [],
            "managed_policy_arns": [],
            "max_session_duration": 3600,
            "name": "bluewave-ec2-ecr-role-dev",
            "name_prefix": "",
            "path": "/",
            "permissions_boundary": "",
            "tags": null,
            "tags_all": {},
            "unique_id": "AROARFSZQY3N35EEV4ZLZ"
          },
          "sensitive_attributes": [],
          "private": "bnVsbA=="
        }
      ]
    },
    {
      "mode": "managed",
      "type": "aws_iam_role",
      "name": "github_actions",
      "provider": "provider[\"registry.terraform.io/hashicorp/aws\"]",
      "instances": [
        {
          "schema_version": 0,
          "attributes": {
            "arn": "arn:aws:iam::080718382811:role/bluewave-GitHubActionsRole-dev",
            "assume_role_policy": "{\"Statement\":[{\"Action\":\"sts:AssumeRoleWithWebIdentity\",\"Condition\":{\"StringEquals\":{\"token.actions.githubusercontent.com:aud\":\"sts.amazonaws.com\"},\"StringLike\":{\"token.actions.githubusercontent.com:sub\":\"repo:abdelazziz20/bluewave-*:*\"}},\"Effect\":\"Allow\",\"Principal\":{\"Federated\":\"arn:aws:iam::080718382811:oidc-provider/token.actions.githubusercontent.com\"}}],\"Version\":\"2012-10-17\"}",
            "create_date": "2023-11-21T17:52:01Z",
            "description": "",
            "force_detach_policies": false,
            "id": "bluewave-GitHubActionsRole-dev",
            "inline_policy": [],
            "managed_policy_arns": [],
            "max_session_duration": 3600,
            "name": "bluewave-GitHubActionsRole-dev",
            "name_prefix": "",
            "path": "/",
            "permissions_boundary": "",
            "tags": null,
            "tags_all": {},
            "unique_id": "AROARFSZQY3NWG7PUPHYF"
          },
          "sensitive_attributes": [],
          "private": "bnVsbA==",
          "dependencies": [
            "aws_iam_openid_connect_provider.github",
            "data.aws_iam_policy_document.github_actions_assume_role"
          ]
        }
      ]
    },
    {
      "mode": "managed",
      "type": "aws_iam_role_policy_attachment",
      "name": "ecr_read_policy_attachment",
      "provider": "provider[\"registry.terraform.io/hashicorp/aws\"]",
      "instances": [
        {
          "schema_version": 0,
          "attributes": {
            "id": "bluewave-ec2-ecr-role-dev-20231121175202595600000005",
            "policy_arn": "arn:aws:iam::080718382811:policy/bluewave-ecr-read-policy-dev",
            "role": "bluewave-ec2-ecr-role-dev"
          },
          "sensitive_attributes": [],
          "private": "bnVsbA==",
          "dependencies": [
            "aws_ecr_repository.bluewave_app",
            "aws_iam_policy.ecr_read_policy",
            "aws_iam_role.ec2_ecr_role"
          ]
        }
      ]
    },
    {
      "mode": "managed",
      "type": "aws_iam_role_policy_attachment",
      "name": "github_actions_ecr_policy_attachment",
      "provider": "provider[\"registry.terraform.io/hashicorp/aws\"]",
      "instances": [
        {
          "schema_version": 0,
          "attributes": {
            "id": "bluewave-GitHubActionsRole-dev-20231121175202556500000004",
            "policy_arn": "arn:aws:iam::080718382811:policy/bluewave-github-actions-ecr-access",
            "role": "bluewave-GitHubActionsRole-dev"
          },
          "sensitive_attributes": [],
          "private": "bnVsbA==",
          "dependencies": [
            "aws_iam_openid_connect_provider.github",
            "aws_iam_policy.github_actions_ecr_policy",
            "aws_iam_role.github_actions",
            "aws_secretsmanager_secret.private_key",
            "data.aws_iam_policy_document.github_actions_assume_role"
          ]
        }
      ]
    },
    {
      "mode": "managed",
      "type": "aws_iam_role_policy_attachment",
      "name": "iam_policy_2_attachment",
      "provider": "provider[\"registry.terraform.io/hashicorp/aws\"]",
      "instances": [
        {
          "schema_version": 0,
          "attributes": {
            "id": "bluewave-ec2-ecr-role-dev-20231121175202215900000002",
            "policy_arn": "arn:aws:iam::080718382811:policy/bluewave-ec2-additional-policy-dev",
            "role": "bluewave-ec2-ecr-role-dev"
          },
          "sensitive_attributes": [],
          "private": "bnVsbA==",
          "dependencies": [
            "aws_iam_policy.iam_policy_2",
            "aws_iam_role.ec2_ecr_role"
          ]
        }
      ]
    },
    {
      "mode": "managed",
      "type": "aws_iam_role_policy_attachment",
      "name": "ssm_managed_instance_core_attachment",
      "provider": "provider[\"registry.terraform.io/hashicorp/aws\"]",
      "instances": [
        {
          "schema_version": 0,
          "attributes": {
            "id": "bluewave-ec2-ecr-role-dev-20231121175202212800000001",
            "policy_arn": "arn:aws:iam::aws:policy/AmazonSSMManagedInstanceCore",
            "role": "bluewave-ec2-ecr-role-dev"
          },
          "sensitive_attributes": [],
          "private": "bnVsbA==",
          "dependencies": [
            "aws_iam_role.ec2_ecr_role",
            "data.aws_iam_policy.policy_ssm_managed_instance_core"
          ]
        }
      ]
    },
    {
      "mode": "managed",
      "type": "aws_iam_role_policy_attachment",
      "name": "ssm_patch_attachment",
      "provider": "provider[\"registry.terraform.io/hashicorp/aws\"]",
      "instances": [
        {
          "schema_version": 0,
          "attributes": {
            "id": "bluewave-ec2-ecr-role-dev-20231121175202248400000003",
            "policy_arn": "arn:aws:iam::aws:policy/AmazonSSMPatchAssociation",
            "role": "bluewave-ec2-ecr-role-dev"
          },
          "sensitive_attributes": [],
          "private": "bnVsbA==",
          "dependencies": [
            "aws_iam_role.ec2_ecr_role",
            "data.aws_iam_policy.policy_ssm_patch"
          ]
        }
      ]
    },
    {
      "mode": "managed",
      "type": "aws_instance",
      "name": "app_and_web_server",
      "provider": "provider[\"registry.terraform.io/hashicorp/aws\"]",
      "instances": [
        {
          "schema_version": 1,
          "attributes": {
            "ami": "ami-0588935a949f9ff17",
            "arn": "arn:aws:ec2:us-east-1:080718382811:instance/i-029de160dcdbae6d8",
            "associate_public_ip_address": true,
            "availability_zone": "us-east-1c",
            "capacity_reservation_specification": [
              {
                "capacity_reservation_preference": "open",
                "capacity_reservation_target": []
              }
            ],
            "cpu_core_count": 1,
            "cpu_options": [
              {
                "amd_sev_snp": "",
                "core_count": 1,
                "threads_per_core": 2
              }
            ],
            "cpu_threads_per_core": 2,
            "credit_specification": [],
            "disable_api_stop": false,
            "disable_api_termination": false,
            "ebs_block_device": [],
            "ebs_optimized": false,
            "enclave_options": [
              {
                "enabled": false
              }
            ],
            "ephemeral_block_device": [],
            "get_password_data": false,
            "hibernation": false,
            "host_id": "",
            "host_resource_group_arn": null,
            "iam_instance_profile": "bluewave-instance-profile-dev",
            "id": "i-029de160dcdbae6d8",
            "instance_initiated_shutdown_behavior": "stop",
            "instance_lifecycle": "",
            "instance_market_options": [],
            "instance_state": "running",
            "instance_type": "r6a.large",
            "ipv6_address_count": 0,
            "ipv6_addresses": [],
            "key_name": "bluewave-kp-dev",
            "launch_template": [],
            "maintenance_options": [
              {
                "auto_recovery": "default"
              }
            ],
            "metadata_options": [
              {
                "http_endpoint": "enabled",
                "http_protocol_ipv6": "disabled",
                "http_put_response_hop_limit": 1,
                "http_tokens": "optional",
                "instance_metadata_tags": "disabled"
              }
            ],
            "monitoring": false,
            "network_interface": [],
            "outpost_arn": "",
            "password_data": "",
            "placement_group": "",
            "placement_partition_number": 0,
            "primary_network_interface_id": "eni-0c7e33da75b74c5f6",
            "private_dns": "ip-10-0-1-71.ec2.internal",
            "private_dns_name_options": [
              {
                "enable_resource_name_dns_a_record": false,
                "enable_resource_name_dns_aaaa_record": false,
                "hostname_type": "ip-name"
              }
            ],
            "private_ip": "10.0.1.71",
            "public_dns": "",
            "public_ip": "54.242.47.86",
            "root_block_device": [
              {
                "delete_on_termination": true,
                "device_name": "/dev/xvda",
                "encrypted": false,
                "iops": 100,
                "kms_key_id": "",
                "tags": null,
                "throughput": 0,
                "volume_id": "vol-00e86994f0d068525",
                "volume_size": 30,
                "volume_type": "gp2"
              }
            ],
            "secondary_private_ips": [],
            "security_groups": [],
            "source_dest_check": true,
            "spot_instance_request_id": "",
            "subnet_id": "subnet-01ff1d3348a9c4f80",
            "tags": {
              "Name": "bluewave-app-and-web-server-dev"
            },
            "tags_all": {
              "Name": "bluewave-app-and-web-server-dev"
            },
            "tenancy": "default",
            "timeouts": null,
            "user_data": "08799cd8e42907ead087379a8cbc7c91bd74025f",
            "user_data_base64": null,
            "user_data_replace_on_change": false,
            "volume_tags": null,
            "vpc_security_group_ids": [
              "sg-05705eabb1f1a4cea"
            ]
          },
          "sensitive_attributes": [],
          "private": "eyJlMmJmYjczMC1lY2FhLTExZTYtOGY4OC0zNDM2M2JjN2M0YzAiOnsiY3JlYXRlIjo2MDAwMDAwMDAwMDAsImRlbGV0ZSI6MTIwMDAwMDAwMDAwMCwidXBkYXRlIjo2MDAwMDAwMDAwMDB9LCJzY2hlbWFfdmVyc2lvbiI6IjEifQ==",
          "dependencies": [
            "aws_ecr_repository.bluewave_app",
            "aws_iam_instance_profile.ec2_ecr_instance_profile",
            "aws_iam_role.ec2_ecr_role",
            "aws_key_pair.deployer",
            "aws_security_group.allow_ssh",
            "aws_subnet.subnet",
            "aws_vpc.main",
            "data.aws_ami.app_and_web_server",
            "data.http.my_ip",
            "tls_private_key.key_pair"
          ]
        }
      ]
    },
    {
      "mode": "managed",
      "type": "aws_internet_gateway",
      "name": "gw",
      "provider": "provider[\"registry.terraform.io/hashicorp/aws\"]",
      "instances": [
        {
          "schema_version": 0,
          "attributes": {
            "arn": "arn:aws:ec2:us-east-1:080718382811:internet-gateway/igw-0bf1b8b4ac339450a",
            "id": "igw-0bf1b8b4ac339450a",
            "owner_id": "080718382811",
            "tags": null,
            "tags_all": {},
            "timeouts": null,
            "vpc_id": "vpc-0c95acaaafbf576f9"
          },
          "sensitive_attributes": [],
          "private": "eyJlMmJmYjczMC1lY2FhLTExZTYtOGY4OC0zNDM2M2JjN2M0YzAiOnsiY3JlYXRlIjoxMjAwMDAwMDAwMDAwLCJkZWxldGUiOjEyMDAwMDAwMDAwMDAsInVwZGF0ZSI6MTIwMDAwMDAwMDAwMH19",
          "dependencies": [
            "aws_vpc.main"
          ]
        }
      ]
    },
    {
      "mode": "managed",
      "type": "aws_key_pair",
      "name": "deployer",
      "provider": "provider[\"registry.terraform.io/hashicorp/aws\"]",
      "instances": [
        {
          "schema_version": 1,
          "attributes": {
            "arn": "arn:aws:ec2:us-east-1:080718382811:key-pair/bluewave-kp-dev",
            "fingerprint": "e4:5b:96:0b:ea:76:a2:e1:84:0e:4b:72:f1:31:a6:07",
            "id": "bluewave-kp-dev",
            "key_name": "bluewave-kp-dev",
            "key_name_prefix": "",
            "key_pair_id": "key-072aee3135d706b86",
            "key_type": "rsa",
            "public_key": "ssh-rsa AAAAB3NzaC1yc2EAAAADAQABAAACAQCsnsomUnW2cKT9qtezP2B7dStLUNFfYOc/P3TxZEobPerPVfjsue8l3Tvyye4zkirgD5zaDi+ojKPygXRcoR+U3o7/MacJs6ai4LtUJhe2KST7rYAU/IDh1lzhQ5sikufJiVk3h+oL5HkPKzkmhFueFU6RgpxD7Kxmp5BY0Q/721yfisuKukEiUQBb6DeSTkwY2W0KbZ+v+6ArCczRWkpSYsOtoPtq4gHEYKuH7BnSy7LjeAwh9zByg2SPMldo2PZGvjLwyoMF9HN6YwAuf4R1v2juLmPX0oe64Tc925MWeQnT0uF+JPMtqa8hDgMVb+GAs9mzBJDkfKdFEIWr0B9tX21dOXOzptKrl4Fdran5yklhyvbj2F5xY7H8SEEIz9fHQ33RhGAuXHVhV+0VCfOI9SSTjfLVRBPBcQD4o55ecF6vveU9hq7uNK9Y4Kypn9Zea5gE8z8LestLKpLhRV8xQivYJouC2RwvYY3OPxKxUJ3PA4J5h+sJVPx3btcw80DJk7e7OmayAn473/1Ejef/jBoqOdnzJ50yCDTWWMI0MXoqNIf/eDSl6ICkoEjRNEd68GfrYcYohSJBZEn+U6V6ojSnTt0xzZUrpHkTxd9UVpVGYf8z1x9jqtzq7SzbT7spmC5DKYdNMKuiVmMF22ah4dPxmYKhiloUA7fsAAr9pw==",
            "tags": null,
            "tags_all": {}
          },
          "sensitive_attributes": [],
          "private": "eyJzY2hlbWFfdmVyc2lvbiI6IjEifQ==",
          "dependencies": [
            "tls_private_key.key_pair"
          ]
        }
      ]
    },
    {
      "mode": "managed",
      "type": "aws_route_table",
      "name": "main",
      "provider": "provider[\"registry.terraform.io/hashicorp/aws\"]",
      "instances": [
        {
          "schema_version": 0,
          "attributes": {
            "arn": "arn:aws:ec2:us-east-1:080718382811:route-table/rtb-0e2bb91e02cdf5fc0",
            "id": "rtb-0e2bb91e02cdf5fc0",
            "owner_id": "080718382811",
            "propagating_vgws": [],
            "route": [
              {
                "carrier_gateway_id": "",
                "cidr_block": "0.0.0.0/0",
                "core_network_arn": "",
                "destination_prefix_list_id": "",
                "egress_only_gateway_id": "",
                "gateway_id": "igw-0bf1b8b4ac339450a",
                "ipv6_cidr_block": "",
                "local_gateway_id": "",
                "nat_gateway_id": "",
                "network_interface_id": "",
                "transit_gateway_id": "",
                "vpc_endpoint_id": "",
                "vpc_peering_connection_id": ""
              }
            ],
            "tags": {
              "Name": "bluewave-rt-dev"
            },
            "tags_all": {
              "Name": "bluewave-rt-dev"
            },
            "timeouts": null,
            "vpc_id": "vpc-0c95acaaafbf576f9"
          },
          "sensitive_attributes": [],
          "private": "eyJlMmJmYjczMC1lY2FhLTExZTYtOGY4OC0zNDM2M2JjN2M0YzAiOnsiY3JlYXRlIjozMDAwMDAwMDAwMDAsImRlbGV0ZSI6MzAwMDAwMDAwMDAwLCJ1cGRhdGUiOjEyMDAwMDAwMDAwMH19",
          "dependencies": [
            "aws_internet_gateway.gw",
            "aws_vpc.main"
          ]
        }
      ]
    },
    {
      "mode": "managed",
      "type": "aws_route_table_association",
      "name": "main",
      "provider": "provider[\"registry.terraform.io/hashicorp/aws\"]",
      "instances": [
        {
          "schema_version": 0,
          "attributes": {
            "gateway_id": "",
            "id": "rtbassoc-0a7e6a869b9bfd728",
            "route_table_id": "rtb-0e2bb91e02cdf5fc0",
            "subnet_id": "subnet-01ff1d3348a9c4f80",
            "timeouts": null
          },
          "sensitive_attributes": [],
          "private": "eyJlMmJmYjczMC1lY2FhLTExZTYtOGY4OC0zNDM2M2JjN2M0YzAiOnsiY3JlYXRlIjozMDAwMDAwMDAwMDAsImRlbGV0ZSI6MzAwMDAwMDAwMDAwLCJ1cGRhdGUiOjEyMDAwMDAwMDAwMH19",
          "dependencies": [
            "aws_internet_gateway.gw",
            "aws_route_table.main",
            "aws_subnet.subnet",
            "aws_vpc.main"
          ]
        }
      ]
    },
    {
      "mode": "managed",
      "type": "aws_secretsmanager_secret",
      "name": "private_key",
      "provider": "provider[\"registry.terraform.io/hashicorp/aws\"]",
      "instances": [
        {
          "schema_version": 0,
          "attributes": {
            "arn": "arn:aws:secretsmanager:us-east-1:080718382811:secret:bluewave-private-key-dev-TcYzRt",
            "description": "",
            "force_overwrite_replica_secret": false,
            "id": "arn:aws:secretsmanager:us-east-1:080718382811:secret:bluewave-private-key-dev-TcYzRt",
            "kms_key_id": "",
            "name": "bluewave-private-key-dev",
            "name_prefix": "",
            "policy": "",
            "recovery_window_in_days": 0,
            "replica": [],
            "tags": null,
            "tags_all": {}
          },
          "sensitive_attributes": [],
          "private": "bnVsbA=="
        }
      ]
    },
    {
      "mode": "managed",
      "type": "aws_secretsmanager_secret_version",
      "name": "private_key",
      "provider": "provider[\"registry.terraform.io/hashicorp/aws\"]",
      "instances": [
        {
          "schema_version": 0,
          "attributes": {
            "arn": "arn:aws:secretsmanager:us-east-1:080718382811:secret:bluewave-private-key-dev-TcYzRt",
            "id": "arn:aws:secretsmanager:us-east-1:080718382811:secret:bluewave-private-key-dev-TcYzRt|3F464901-E764-4C99-9556-AF1BC5F98252",
            "secret_binary": "",
            "secret_id": "arn:aws:secretsmanager:us-east-1:080718382811:secret:bluewave-private-key-dev-TcYzRt",
            "secret_string": "-----BEGIN RSA PRIVATE KEY-----\nMIIJKQIBAAKCAgEArJ7KJlJ1tnCk/arXsz9ge3UrS1DRX2DnPz908WRKGz3qz1X4\n7LnvJd078snuM5Iq4A+c2g4vqIyj8oF0XKEflN6O/zGnCbOmouC7VCYXtikk+62A\nFPyA4dZc4UObIpLnyYlZN4fqC+R5Dys5JoRbnhVOkYKcQ+ysZqeQWNEP+9tcn4rL\nirpBIlEAW+g3kk5MGNltCm2fr/ugKwnM0VpKUmLDraD7auIBxGCrh+wZ0suy43gM\nIfcwcoNkjzJXaNj2Rr4y8MqDBfRzemMALn+Edb9o7i5j19KHuuE3PduTFnkJ09Lh\nfiTzLamvIQ4DFW/hgLPZswSQ5HynRRCFq9AfbV9tXTlzs6bSq5eBXa2p+cpJYcr2\n49hecWOx/EhBCM/Xx0N90YRgLlx1YVftFQnziPUkk43y1UQTwXEA+KOeXnBer73l\nPYau7jSvWOCsqZ/WXmuYBPM/C3rLSyqS4UVfMUIr2CaLgtkcL2GNzj8SsVCdzwOC\neYfrCVT8d27XMPNAyZO3uzpmsgJ+O9/9RI3n/4waKjnZ8yedMgg01ljCNDF6KjSH\n/3g0peiApKBI0TRHevBn62HGKIUiQWRJ/lOleqI0p07dMc2VK6R5E8XfVFaVRmH/\nM9cfY6rc6u0s20+7KZguQymHTTCrolZjBdtmoeHT8ZmCoYpaFAO37AAK/acCAwEA\nAQKCAgBkklNGxo5MkA6guHPZvFgTNe3WgKyrvEKex/LzXTIL8yQmTnmsOpxJ3D68\nMsg0hbmzN4V0SgWcVuyCMsg/26QR0SVRK3Wdomy4wuSBn3v7JrekZq6UC5Vvfrw4\nhnIRT7P56KrxPp+u9BtQKieu+DiEvvc6sfUnYfIEESZ5iLyeSW0KiwwRtHiUbMsf\nwQj3leSiKbNs+vepyZnE2X3aj5dzrpVBSOSSnkDXUFc/5uAYv5NnEh9HfsRcQ49I\nGtVwgc/i4Ze+UM7LnmPVb27AqIzdKXsSIjcLnF52FBdiU9a7piOCpX+5Rf/kn9Mo\nGAjV6YxhtudkdImShcnS5FBtDOHxmuWmw6qo84JIMgRVkY8An2YHQ/9P4qWAWM6F\nMNSBC5Rg4jfl9jMlezLDPCEgQauKL5PdZVC0uCFjPiZ03Nk96wrHkd36bdurloI3\nCGjrN1Arv0XS6hRwOpHe2ECcpxK0BI+rzo0UUQFhkid5Ng3DTep2a7ZPQhFhws+E\nZdrlfEc1gDAW8AgTmCqwZlF1ke+j8dvBvckdXiHildrClbySv/dqqv9oaiV3kavc\nSZQ/FVKcSqNAFcjTcFyzWAPe/zUr0dMuj5oESmgHcApr12ed7SUawmdpMjFv2K6G\njoeJPqhBRGcdE/UqNVmksMHMvqd5CivlsecGNXm7Nhh27GK4cQKCAQEAxmzgCqwc\nezODQsOuu/wVGtAzEyxQjsBNe9JRSgdNzPrsEgCYj6VvqhLe3hdszBT/8sPho6R6\nfxRBuAkgoIkDv4eDuL71v03SdLCvNtOTQPBSOIrUrKTpSuKnXNoDxY7K2HZjqvT0\ny7cMSs6jDfjwVF2r5phWDoK17kQObmUN4Ntvgf2KdS50kM8TIGKKFzejhE/r8avB\nlL88bcsLs8nSCk1x+p2rB8+qbhj0t1FWXNV4bB0QuyJAf5u3kXAFe7Z+4mFrXMu3\nI7/ePhvWPa3DR+T/emrqU05OctC8Wm/vXHyyAqo5u56tkBmtsXMQRYiPd+sXjs3b\nfSlOspo76EAVHwKCAQEA3rUa8gpNqs/vZpCXYNZCnRJbY+Syc1uSHq8v9JfWIyK2\n7luf7/ES9RR/0J9lB6aiMpAhP/gv+bcZw0SysURciFqOl8SLzeitnqk6zKpCMmJu\nHdB6Qt2DIovAjwEx0V9hegJ5dndyV4JddIJ4TdYkiWcwXd7BItIT70UoUE77lLNy\nrdNTNfvGLoyzXyx6u/PGS1VtAlHoZE8UnQ1yYeBwLOLHDc46cRev++Mf/mrvPgOA\nUcGskEf6i4WWmrue1ZX3gxasNUVW8E8xMzWcS5uyj8ciKQVxTyDLBonlvcKusjFt\nYctWJ+DDwuYA8BC241m9TviaA8FiWEFOaancH2y+eQKCAQB0fwWGnofWOWcuMo8L\nJTQK2wOxlQny1apoMRGywdkGqKci5qCrbXjCxHN+twgURZwDnseB+RZGN9FhyFIU\njnzZ3SkTtWG4oGsYQYeNS+ifbrkHI1M7zVJ+udWC6SjfuzcSoWdgvpJebCjWXr1S\nfb4z+g7rwrJ7sHg53FEQtVnRk2PDUOUSaWTchAb5s4DZorvo+bdP2wQ7XY+P8m77\nbllX3SI2/oykeGLaYuKCIknvFRGvf90L0U9G3FiJFdjSSlHyfTm4cI4kegh0NImz\nCqqlMihgahcLM+VQ+YYsHp3MkhU9BU4B/mZuPPVCQojiGgwJXsgk+m2L7U2cBHt5\nnu4HAoIBAQCY7c4aBN8+e1kOmh2JHrhReciN+P5dXrUhIvWQRS+DoxPw67QRJP76\nkmAOl1XeAhwBEp3yenAfTw9+2k7GkYXlECI4r3u9IpkOiXDaF9QrGxI4oO9DuS6S\na1sIGC7oclHSYZ6crfszgk7AcdNAx9sBC33YB92iFpYfyOKc+w+hFfSazrGmMUTu\ntCl8ImQJaqVxF7EqVap6Lx+dlR1FfsQo3nUH0uSowjZThqxynWW5tNfJzG++B99R\nLaO0jz/LtRZoywnn7rx7ejXzz02LUdg1CO45MwaS6pbf35OGUgh6Tpyo+eMosRxc\nWmqsbx3XUsk/UFEaYRIyPm4k+sIwRhEpAoIBAQCkLgWHtA+SZZXXYpabMmllhqMJ\nKZM3PFt9dwNhg6Bnycoif7SvXTIwJ1jitAkDQhjsYz+MYvPgBCToIYTvHG6UmuaH\nACuOGoQyZHhvqtEEmiU05RQaMa5za+KHF+HiFa57Sz1bt2aC+nxC6tJTPTrqushc\n5CE8Jurg+9k+ZCJ5f+9kgnzgYi59wYzRBO2mj2xVGGxxr+vNFEG1Ys6P6v/w/kFR\ndhN1N8eZXVp0viqTffiOsxLHet0JdZXM+Q6iGEl7tXRh2A0mJiNm4Wsvj2ZHV+ob\nt81l3WNRX+1KPIlwy7K+ASxcpLaJg5KCp/VtipYotUViWKBO+S6Paz7C9dM4\n-----END RSA PRIVATE KEY-----\n",
            "version_id": "3F464901-E764-4C99-9556-AF1BC5F98252",
            "version_stages": [
              "AWSCURRENT"
            ]
          },
          "sensitive_attributes": [
            [
              {
                "type": "get_attr",
                "value": "secret_string"
              }
            ]
          ],
          "private": "bnVsbA==",
          "dependencies": [
            "aws_secretsmanager_secret.private_key",
            "tls_private_key.key_pair"
          ]
        }
      ]
    },
    {
      "mode": "managed",
      "type": "aws_security_group",
      "name": "allow_ssh",
      "provider": "provider[\"registry.terraform.io/hashicorp/aws\"]",
      "instances": [
        {
          "schema_version": 1,
          "attributes": {
            "arn": "arn:aws:ec2:us-east-1:080718382811:security-group/sg-05705eabb1f1a4cea",
            "description": "Managed by Terraform",
            "egress": [
              {
                "cidr_blocks": [
                  "0.0.0.0/0"
                ],
                "description": "",
                "from_port": 0,
                "ipv6_cidr_blocks": [],
                "prefix_list_ids": [],
                "protocol": "-1",
                "security_groups": [],
                "self": false,
                "to_port": 0
              }
            ],
            "id": "sg-05705eabb1f1a4cea",
            "ingress": [
              {
                "cidr_blocks": [
                  "0.0.0.0/0"
                ],
                "description": "",
                "from_port": 22,
                "ipv6_cidr_blocks": [],
                "prefix_list_ids": [],
                "protocol": "tcp",
                "security_groups": [],
                "self": false,
                "to_port": 22
              },
              {
                "cidr_blocks": [
                  "107.2.100.2/32"
                ],
                "description": "",
                "from_port": 8081,
                "ipv6_cidr_blocks": [],
                "prefix_list_ids": [],
                "protocol": "tcp",
                "security_groups": [],
                "self": false,
                "to_port": 8081
              }
            ],
            "name": "terraform-20231121175203179800000006",
            "name_prefix": "terraform-",
            "owner_id": "080718382811",
            "revoke_rules_on_delete": false,
            "tags": {
              "Name": "bluewave-sg-dev"
            },
            "tags_all": {
              "Name": "bluewave-sg-dev"
            },
            "timeouts": null,
            "vpc_id": "vpc-0c95acaaafbf576f9"
          },
          "sensitive_attributes": [],
          "private": "eyJlMmJmYjczMC1lY2FhLTExZTYtOGY4OC0zNDM2M2JjN2M0YzAiOnsiY3JlYXRlIjo2MDAwMDAwMDAwMDAsImRlbGV0ZSI6OTAwMDAwMDAwMDAwfSwic2NoZW1hX3ZlcnNpb24iOiIxIn0=",
          "dependencies": [
            "aws_vpc.main",
            "data.http.my_ip"
          ]
        }
      ]
    },
    {
      "mode": "managed",
      "type": "aws_subnet",
      "name": "subnet",
      "provider": "provider[\"registry.terraform.io/hashicorp/aws\"]",
      "instances": [
        {
          "schema_version": 1,
          "attributes": {
            "arn": "arn:aws:ec2:us-east-1:080718382811:subnet/subnet-01ff1d3348a9c4f80",
            "assign_ipv6_address_on_creation": false,
            "availability_zone": "us-east-1c",
            "availability_zone_id": "use1-az6",
            "cidr_block": "10.0.1.0/24",
            "customer_owned_ipv4_pool": "",
            "enable_dns64": false,
            "enable_lni_at_device_index": 0,
            "enable_resource_name_dns_a_record_on_launch": false,
            "enable_resource_name_dns_aaaa_record_on_launch": false,
            "id": "subnet-01ff1d3348a9c4f80",
            "ipv6_cidr_block": "",
            "ipv6_cidr_block_association_id": "",
            "ipv6_native": false,
            "map_customer_owned_ip_on_launch": false,
            "map_public_ip_on_launch": true,
            "outpost_arn": "",
            "owner_id": "080718382811",
            "private_dns_hostname_type_on_launch": "ip-name",
            "tags": {
              "Name": "bluewave-subnet-dev"
            },
            "tags_all": {
              "Name": "bluewave-subnet-dev"
            },
            "timeouts": null,
            "vpc_id": "vpc-0c95acaaafbf576f9"
          },
          "sensitive_attributes": [],
          "private": "eyJlMmJmYjczMC1lY2FhLTExZTYtOGY4OC0zNDM2M2JjN2M0YzAiOnsiY3JlYXRlIjo2MDAwMDAwMDAwMDAsImRlbGV0ZSI6MTIwMDAwMDAwMDAwMH0sInNjaGVtYV92ZXJzaW9uIjoiMSJ9",
          "dependencies": [
            "aws_vpc.main"
          ]
        }
      ]
    },
    {
      "mode": "managed",
      "type": "aws_vpc",
      "name": "main",
      "provider": "provider[\"registry.terraform.io/hashicorp/aws\"]",
      "instances": [
        {
          "schema_version": 1,
          "attributes": {
            "arn": "arn:aws:ec2:us-east-1:080718382811:vpc/vpc-0c95acaaafbf576f9",
            "assign_generated_ipv6_cidr_block": false,
            "cidr_block": "10.0.0.0/16",
            "default_network_acl_id": "acl-0281859684d8eedab",
            "default_route_table_id": "rtb-0490bb6a7affce3e5",
            "default_security_group_id": "sg-0202e68c2186ef026",
            "dhcp_options_id": "dopt-04b1de5401dee5645",
            "enable_dns_hostnames": false,
            "enable_dns_support": true,
            "enable_network_address_usage_metrics": false,
            "id": "vpc-0c95acaaafbf576f9",
            "instance_tenancy": "default",
            "ipv4_ipam_pool_id": null,
            "ipv4_netmask_length": null,
            "ipv6_association_id": "",
            "ipv6_cidr_block": "",
            "ipv6_cidr_block_network_border_group": "",
            "ipv6_ipam_pool_id": "",
            "ipv6_netmask_length": 0,
            "main_route_table_id": "rtb-0490bb6a7affce3e5",
            "owner_id": "080718382811",
            "tags": {
              "Name": "bluewave-vpc-dev"
            },
            "tags_all": {
              "Name": "bluewave-vpc-dev"
            }
          },
          "sensitive_attributes": [],
          "private": "eyJzY2hlbWFfdmVyc2lvbiI6IjEifQ=="
        }
      ]
    },
    {
      "mode": "managed",
      "type": "local_file",
      "name": "private_key",
      "provider": "provider[\"registry.terraform.io/hashicorp/local\"]",
      "instances": [
        {
          "schema_version": 0,
          "attributes": {
            "content": "-----BEGIN RSA PRIVATE KEY-----\nMIIJKQIBAAKCAgEArJ7KJlJ1tnCk/arXsz9ge3UrS1DRX2DnPz908WRKGz3qz1X4\n7LnvJd078snuM5Iq4A+c2g4vqIyj8oF0XKEflN6O/zGnCbOmouC7VCYXtikk+62A\nFPyA4dZc4UObIpLnyYlZN4fqC+R5Dys5JoRbnhVOkYKcQ+ysZqeQWNEP+9tcn4rL\nirpBIlEAW+g3kk5MGNltCm2fr/ugKwnM0VpKUmLDraD7auIBxGCrh+wZ0suy43gM\nIfcwcoNkjzJXaNj2Rr4y8MqDBfRzemMALn+Edb9o7i5j19KHuuE3PduTFnkJ09Lh\nfiTzLamvIQ4DFW/hgLPZswSQ5HynRRCFq9AfbV9tXTlzs6bSq5eBXa2p+cpJYcr2\n49hecWOx/EhBCM/Xx0N90YRgLlx1YVftFQnziPUkk43y1UQTwXEA+KOeXnBer73l\nPYau7jSvWOCsqZ/WXmuYBPM/C3rLSyqS4UVfMUIr2CaLgtkcL2GNzj8SsVCdzwOC\neYfrCVT8d27XMPNAyZO3uzpmsgJ+O9/9RI3n/4waKjnZ8yedMgg01ljCNDF6KjSH\n/3g0peiApKBI0TRHevBn62HGKIUiQWRJ/lOleqI0p07dMc2VK6R5E8XfVFaVRmH/\nM9cfY6rc6u0s20+7KZguQymHTTCrolZjBdtmoeHT8ZmCoYpaFAO37AAK/acCAwEA\nAQKCAgBkklNGxo5MkA6guHPZvFgTNe3WgKyrvEKex/LzXTIL8yQmTnmsOpxJ3D68\nMsg0hbmzN4V0SgWcVuyCMsg/26QR0SVRK3Wdomy4wuSBn3v7JrekZq6UC5Vvfrw4\nhnIRT7P56KrxPp+u9BtQKieu+DiEvvc6sfUnYfIEESZ5iLyeSW0KiwwRtHiUbMsf\nwQj3leSiKbNs+vepyZnE2X3aj5dzrpVBSOSSnkDXUFc/5uAYv5NnEh9HfsRcQ49I\nGtVwgc/i4Ze+UM7LnmPVb27AqIzdKXsSIjcLnF52FBdiU9a7piOCpX+5Rf/kn9Mo\nGAjV6YxhtudkdImShcnS5FBtDOHxmuWmw6qo84JIMgRVkY8An2YHQ/9P4qWAWM6F\nMNSBC5Rg4jfl9jMlezLDPCEgQauKL5PdZVC0uCFjPiZ03Nk96wrHkd36bdurloI3\nCGjrN1Arv0XS6hRwOpHe2ECcpxK0BI+rzo0UUQFhkid5Ng3DTep2a7ZPQhFhws+E\nZdrlfEc1gDAW8AgTmCqwZlF1ke+j8dvBvckdXiHildrClbySv/dqqv9oaiV3kavc\nSZQ/FVKcSqNAFcjTcFyzWAPe/zUr0dMuj5oESmgHcApr12ed7SUawmdpMjFv2K6G\njoeJPqhBRGcdE/UqNVmksMHMvqd5CivlsecGNXm7Nhh27GK4cQKCAQEAxmzgCqwc\nezODQsOuu/wVGtAzEyxQjsBNe9JRSgdNzPrsEgCYj6VvqhLe3hdszBT/8sPho6R6\nfxRBuAkgoIkDv4eDuL71v03SdLCvNtOTQPBSOIrUrKTpSuKnXNoDxY7K2HZjqvT0\ny7cMSs6jDfjwVF2r5phWDoK17kQObmUN4Ntvgf2KdS50kM8TIGKKFzejhE/r8avB\nlL88bcsLs8nSCk1x+p2rB8+qbhj0t1FWXNV4bB0QuyJAf5u3kXAFe7Z+4mFrXMu3\nI7/ePhvWPa3DR+T/emrqU05OctC8Wm/vXHyyAqo5u56tkBmtsXMQRYiPd+sXjs3b\nfSlOspo76EAVHwKCAQEA3rUa8gpNqs/vZpCXYNZCnRJbY+Syc1uSHq8v9JfWIyK2\n7luf7/ES9RR/0J9lB6aiMpAhP/gv+bcZw0SysURciFqOl8SLzeitnqk6zKpCMmJu\nHdB6Qt2DIovAjwEx0V9hegJ5dndyV4JddIJ4TdYkiWcwXd7BItIT70UoUE77lLNy\nrdNTNfvGLoyzXyx6u/PGS1VtAlHoZE8UnQ1yYeBwLOLHDc46cRev++Mf/mrvPgOA\nUcGskEf6i4WWmrue1ZX3gxasNUVW8E8xMzWcS5uyj8ciKQVxTyDLBonlvcKusjFt\nYctWJ+DDwuYA8BC241m9TviaA8FiWEFOaancH2y+eQKCAQB0fwWGnofWOWcuMo8L\nJTQK2wOxlQny1apoMRGywdkGqKci5qCrbXjCxHN+twgURZwDnseB+RZGN9FhyFIU\njnzZ3SkTtWG4oGsYQYeNS+ifbrkHI1M7zVJ+udWC6SjfuzcSoWdgvpJebCjWXr1S\nfb4z+g7rwrJ7sHg53FEQtVnRk2PDUOUSaWTchAb5s4DZorvo+bdP2wQ7XY+P8m77\nbllX3SI2/oykeGLaYuKCIknvFRGvf90L0U9G3FiJFdjSSlHyfTm4cI4kegh0NImz\nCqqlMihgahcLM+VQ+YYsHp3MkhU9BU4B/mZuPPVCQojiGgwJXsgk+m2L7U2cBHt5\nnu4HAoIBAQCY7c4aBN8+e1kOmh2JHrhReciN+P5dXrUhIvWQRS+DoxPw67QRJP76\nkmAOl1XeAhwBEp3yenAfTw9+2k7GkYXlECI4r3u9IpkOiXDaF9QrGxI4oO9DuS6S\na1sIGC7oclHSYZ6crfszgk7AcdNAx9sBC33YB92iFpYfyOKc+w+hFfSazrGmMUTu\ntCl8ImQJaqVxF7EqVap6Lx+dlR1FfsQo3nUH0uSowjZThqxynWW5tNfJzG++B99R\nLaO0jz/LtRZoywnn7rx7ejXzz02LUdg1CO45MwaS6pbf35OGUgh6Tpyo+eMosRxc\nWmqsbx3XUsk/UFEaYRIyPm4k+sIwRhEpAoIBAQCkLgWHtA+SZZXXYpabMmllhqMJ\nKZM3PFt9dwNhg6Bnycoif7SvXTIwJ1jitAkDQhjsYz+MYvPgBCToIYTvHG6UmuaH\nACuOGoQyZHhvqtEEmiU05RQaMa5za+KHF+HiFa57Sz1bt2aC+nxC6tJTPTrqushc\n5CE8Jurg+9k+ZCJ5f+9kgnzgYi59wYzRBO2mj2xVGGxxr+vNFEG1Ys6P6v/w/kFR\ndhN1N8eZXVp0viqTffiOsxLHet0JdZXM+Q6iGEl7tXRh2A0mJiNm4Wsvj2ZHV+ob\nt81l3WNRX+1KPIlwy7K+ASxcpLaJg5KCp/VtipYotUViWKBO+S6Paz7C9dM4\n-----END RSA PRIVATE KEY-----\n",
            "content_base64": null,
            "content_base64sha256": "CS6Op7czJl4fRfjzJNluYytGkAXbQPjCz7IasN0l0Rw=",
            "content_base64sha512": "6ckF0nDZ25ZXPTpxDhZiTaJLunv1X6+FRuKNVlK2DeXQSOag6V5xrsAMhNOVNQUb8L+CHP1dyJZRwV76XifU9w==",
            "content_md5": "afaf294e88667a7518c1f2a824c6860d",
            "content_sha1": "d6592dffde5fe52997b36f12d75ea5a3068dac34",
            "content_sha256": "092e8ea7b733265e1f45f8f324d96e632b469005db40f8c2cfb21ab0dd25d11c",
            "content_sha512": "e9c905d270d9db96573d3a710e16624da24bba7bf55faf8546e28d5652b60de5d048e6a0e95e71aec00c84d39535051bf0bf821cfd5dc89651c15efa5e27d4f7",
            "directory_permission": "0777",
            "file_permission": "0600",
            "filename": "./../ssh_key.pem",
            "id": "d6592dffde5fe52997b36f12d75ea5a3068dac34",
            "sensitive_content": null,
            "source": null
          },
          "sensitive_attributes": [
            [
              {
                "type": "get_attr",
                "value": "content"
              }
            ]
          ],
          "dependencies": [
            "tls_private_key.key_pair"
          ]
        }
      ]
    },
    {
      "mode": "managed",
      "type": "tls_private_key",
      "name": "key_pair",
      "provider": "provider[\"registry.terraform.io/hashicorp/tls\"]",
      "instances": [
        {
          "schema_version": 1,
          "attributes": {
            "algorithm": "RSA",
            "ecdsa_curve": "P224",
            "id": "0614912f40878d9483b9bd87620e184d753eee04",
            "private_key_openssh": "-----BEGIN OPENSSH PRIVATE KEY-----\nb3BlbnNzaC1rZXktdjEAAAAABG5vbmUAAAAEbm9uZQAAAAAAAAABAAACFwAAAAdz\nc2gtcnNhAAAAAwEAAQAAAgEArJ7KJlJ1tnCk/arXsz9ge3UrS1DRX2DnPz908WRK\nGz3qz1X47LnvJd078snuM5Iq4A+c2g4vqIyj8oF0XKEflN6O/zGnCbOmouC7VCYX\ntikk+62AFPyA4dZc4UObIpLnyYlZN4fqC+R5Dys5JoRbnhVOkYKcQ+ysZqeQWNEP\n+9tcn4rLirpBIlEAW+g3kk5MGNltCm2fr/ugKwnM0VpKUmLDraD7auIBxGCrh+wZ\n0suy43gMIfcwcoNkjzJXaNj2Rr4y8MqDBfRzemMALn+Edb9o7i5j19KHuuE3PduT\nFnkJ09LhfiTzLamvIQ4DFW/hgLPZswSQ5HynRRCFq9AfbV9tXTlzs6bSq5eBXa2p\n+cpJYcr249hecWOx/EhBCM/Xx0N90YRgLlx1YVftFQnziPUkk43y1UQTwXEA+KOe\nXnBer73lPYau7jSvWOCsqZ/WXmuYBPM/C3rLSyqS4UVfMUIr2CaLgtkcL2GNzj8S\nsVCdzwOCeYfrCVT8d27XMPNAyZO3uzpmsgJ+O9/9RI3n/4waKjnZ8yedMgg01ljC\nNDF6KjSH/3g0peiApKBI0TRHevBn62HGKIUiQWRJ/lOleqI0p07dMc2VK6R5E8Xf\nVFaVRmH/M9cfY6rc6u0s20+7KZguQymHTTCrolZjBdtmoeHT8ZmCoYpaFAO37AAK\n/acAAAc4GgeXDhoHlw4AAAAHc3NoLXJzYQAAAgEArJ7KJlJ1tnCk/arXsz9ge3Ur\nS1DRX2DnPz908WRKGz3qz1X47LnvJd078snuM5Iq4A+c2g4vqIyj8oF0XKEflN6O\n/zGnCbOmouC7VCYXtikk+62AFPyA4dZc4UObIpLnyYlZN4fqC+R5Dys5JoRbnhVO\nkYKcQ+ysZqeQWNEP+9tcn4rLirpBIlEAW+g3kk5MGNltCm2fr/ugKwnM0VpKUmLD\nraD7auIBxGCrh+wZ0suy43gMIfcwcoNkjzJXaNj2Rr4y8MqDBfRzemMALn+Edb9o\n7i5j19KHuuE3PduTFnkJ09LhfiTzLamvIQ4DFW/hgLPZswSQ5HynRRCFq9AfbV9t\nXTlzs6bSq5eBXa2p+cpJYcr249hecWOx/EhBCM/Xx0N90YRgLlx1YVftFQnziPUk\nk43y1UQTwXEA+KOeXnBer73lPYau7jSvWOCsqZ/WXmuYBPM/C3rLSyqS4UVfMUIr\n2CaLgtkcL2GNzj8SsVCdzwOCeYfrCVT8d27XMPNAyZO3uzpmsgJ+O9/9RI3n/4wa\nKjnZ8yedMgg01ljCNDF6KjSH/3g0peiApKBI0TRHevBn62HGKIUiQWRJ/lOleqI0\np07dMc2VK6R5E8XfVFaVRmH/M9cfY6rc6u0s20+7KZguQymHTTCrolZjBdtmoeHT\n8ZmCoYpaFAO37AAK/acAAAADAQABAAACAGSSU0bGjkyQDqC4c9m8WBM17daArKu8\nQp7H8vNdMgvzJCZOeaw6nEncPrwyyDSFubM3hXRKBZxW7IIyyD/bpBHRJVErdZ2i\nbLjC5IGfe/smt6RmrpQLlW9+vDiGchFPs/noqvE+n670G1AqJ674OIS+9zqx9Sdh\n8gQRJnmIvJ5JbQqLDBG0eJRsyx/BCPeV5KIps2z696nJmcTZfdqPl3OulUFI5JKe\nQNdQVz/m4Bi/k2cSH0d+xFxDj0ga1XCBz+Lhl75QzsueY9VvbsCojN0pexIiNwuc\nXnYUF2JT1rumI4Klf7lF/+Sf0ygYCNXpjGG252R0iZKFydLkUG0M4fGa5abDqqjz\ngkgyBFWRjwCfZgdD/0/ipYBYzoUw1IELlGDiN+X2MyV7MsM8ISBBq4ovk91lULS4\nIWM+JnTc2T3rCseR3fpt26uWgjcIaOs3UCu/RdLqFHA6kd7YQJynErQEj6vOjRRR\nAWGSJ3k2DcNN6nZrtk9CEWHCz4Rl2uV8RzWAMBbwCBOYKrBmUXWR76Px28G9yR1e\nIeKV2sKVvJK/92qq/2hqJXeRq9xJlD8VUpxKo0AVyNNwXLNYA97/NSvR0y6PmgRK\naAdwCmvXZ53tJRrCZ2kyMW/YroaOh4k+qEFEZx0T9So1WaSwwcy+p3kKK+Wx5wY1\nebs2GHbsYrhxAAABAQCkLgWHtA+SZZXXYpabMmllhqMJKZM3PFt9dwNhg6Bnycoi\nf7SvXTIwJ1jitAkDQhjsYz+MYvPgBCToIYTvHG6UmuaHACuOGoQyZHhvqtEEmiU0\n5RQaMa5za+KHF+HiFa57Sz1bt2aC+nxC6tJTPTrqushc5CE8Jurg+9k+ZCJ5f+9k\ngnzgYi59wYzRBO2mj2xVGGxxr+vNFEG1Ys6P6v/w/kFRdhN1N8eZXVp0viqTffiO\nsxLHet0JdZXM+Q6iGEl7tXRh2A0mJiNm4Wsvj2ZHV+obt81l3WNRX+1KPIlwy7K+\nASxcpLaJg5KCp/VtipYotUViWKBO+S6Paz7C9dM4AAABAQDGbOAKrBx7M4NCw667\n/BUa0DMTLFCOwE170lFKB03M+uwSAJiPpW+qEt7eF2zMFP/yw+GjpHp/FEG4CSCg\niQO/h4O4vvW/TdJ0sK8205NA8FI4itSspOlK4qdc2gPFjsrYdmOq9PTLtwxKzqMN\n+PBUXavmmFYOgrXuRA5uZQ3g22+B/Yp1LnSQzxMgYooXN6OET+vxq8GUvzxtywuz\nydIKTXH6nasHz6puGPS3UVZc1XhsHRC7IkB/m7eRcAV7tn7iYWtcy7cjv94+G9Y9\nrcNH5P96aupTTk5y0Lxab+9cfLICqjm7nq2QGa2xcxBFiI936xeOzdt9KU6ymjvo\nQBUfAAABAQDetRryCk2qz+9mkJdg1kKdEltj5LJzW5Iery/0l9YjIrbuW5/v8RL1\nFH/Qn2UHpqIykCE/+C/5txnDRLKxRFyIWo6XxIvN6K2eqTrMqkIyYm4d0HpC3YMi\ni8CPATHRX2F6Anl2d3JXgl10gnhN1iSJZzBd3sEi0hPvRShQTvuUs3Kt01M1+8Yu\njLNfLHq788ZLVW0CUehkTxSdDXJh4HAs4scNzjpxF6/74x/+au8+A4BRwayQR/qL\nhZaau57VlfeDFqw1RVbwTzEzNZxLm7KPxyIpBXFPIMsGieW9wq6yMW1hy1Yn4MPC\n5gDwELbjWb1O+JoDwWJYQU5pqdwfbL55AAAAAAEC\n-----END OPENSSH PRIVATE KEY-----\n",
            "private_key_pem": "-----BEGIN RSA PRIVATE KEY-----\nMIIJKQIBAAKCAgEArJ7KJlJ1tnCk/arXsz9ge3UrS1DRX2DnPz908WRKGz3qz1X4\n7LnvJd078snuM5Iq4A+c2g4vqIyj8oF0XKEflN6O/zGnCbOmouC7VCYXtikk+62A\nFPyA4dZc4UObIpLnyYlZN4fqC+R5Dys5JoRbnhVOkYKcQ+ysZqeQWNEP+9tcn4rL\nirpBIlEAW+g3kk5MGNltCm2fr/ugKwnM0VpKUmLDraD7auIBxGCrh+wZ0suy43gM\nIfcwcoNkjzJXaNj2Rr4y8MqDBfRzemMALn+Edb9o7i5j19KHuuE3PduTFnkJ09Lh\nfiTzLamvIQ4DFW/hgLPZswSQ5HynRRCFq9AfbV9tXTlzs6bSq5eBXa2p+cpJYcr2\n49hecWOx/EhBCM/Xx0N90YRgLlx1YVftFQnziPUkk43y1UQTwXEA+KOeXnBer73l\nPYau7jSvWOCsqZ/WXmuYBPM/C3rLSyqS4UVfMUIr2CaLgtkcL2GNzj8SsVCdzwOC\neYfrCVT8d27XMPNAyZO3uzpmsgJ+O9/9RI3n/4waKjnZ8yedMgg01ljCNDF6KjSH\n/3g0peiApKBI0TRHevBn62HGKIUiQWRJ/lOleqI0p07dMc2VK6R5E8XfVFaVRmH/\nM9cfY6rc6u0s20+7KZguQymHTTCrolZjBdtmoeHT8ZmCoYpaFAO37AAK/acCAwEA\nAQKCAgBkklNGxo5MkA6guHPZvFgTNe3WgKyrvEKex/LzXTIL8yQmTnmsOpxJ3D68\nMsg0hbmzN4V0SgWcVuyCMsg/26QR0SVRK3Wdomy4wuSBn3v7JrekZq6UC5Vvfrw4\nhnIRT7P56KrxPp+u9BtQKieu+DiEvvc6sfUnYfIEESZ5iLyeSW0KiwwRtHiUbMsf\nwQj3leSiKbNs+vepyZnE2X3aj5dzrpVBSOSSnkDXUFc/5uAYv5NnEh9HfsRcQ49I\nGtVwgc/i4Ze+UM7LnmPVb27AqIzdKXsSIjcLnF52FBdiU9a7piOCpX+5Rf/kn9Mo\nGAjV6YxhtudkdImShcnS5FBtDOHxmuWmw6qo84JIMgRVkY8An2YHQ/9P4qWAWM6F\nMNSBC5Rg4jfl9jMlezLDPCEgQauKL5PdZVC0uCFjPiZ03Nk96wrHkd36bdurloI3\nCGjrN1Arv0XS6hRwOpHe2ECcpxK0BI+rzo0UUQFhkid5Ng3DTep2a7ZPQhFhws+E\nZdrlfEc1gDAW8AgTmCqwZlF1ke+j8dvBvckdXiHildrClbySv/dqqv9oaiV3kavc\nSZQ/FVKcSqNAFcjTcFyzWAPe/zUr0dMuj5oESmgHcApr12ed7SUawmdpMjFv2K6G\njoeJPqhBRGcdE/UqNVmksMHMvqd5CivlsecGNXm7Nhh27GK4cQKCAQEAxmzgCqwc\nezODQsOuu/wVGtAzEyxQjsBNe9JRSgdNzPrsEgCYj6VvqhLe3hdszBT/8sPho6R6\nfxRBuAkgoIkDv4eDuL71v03SdLCvNtOTQPBSOIrUrKTpSuKnXNoDxY7K2HZjqvT0\ny7cMSs6jDfjwVF2r5phWDoK17kQObmUN4Ntvgf2KdS50kM8TIGKKFzejhE/r8avB\nlL88bcsLs8nSCk1x+p2rB8+qbhj0t1FWXNV4bB0QuyJAf5u3kXAFe7Z+4mFrXMu3\nI7/ePhvWPa3DR+T/emrqU05OctC8Wm/vXHyyAqo5u56tkBmtsXMQRYiPd+sXjs3b\nfSlOspo76EAVHwKCAQEA3rUa8gpNqs/vZpCXYNZCnRJbY+Syc1uSHq8v9JfWIyK2\n7luf7/ES9RR/0J9lB6aiMpAhP/gv+bcZw0SysURciFqOl8SLzeitnqk6zKpCMmJu\nHdB6Qt2DIovAjwEx0V9hegJ5dndyV4JddIJ4TdYkiWcwXd7BItIT70UoUE77lLNy\nrdNTNfvGLoyzXyx6u/PGS1VtAlHoZE8UnQ1yYeBwLOLHDc46cRev++Mf/mrvPgOA\nUcGskEf6i4WWmrue1ZX3gxasNUVW8E8xMzWcS5uyj8ciKQVxTyDLBonlvcKusjFt\nYctWJ+DDwuYA8BC241m9TviaA8FiWEFOaancH2y+eQKCAQB0fwWGnofWOWcuMo8L\nJTQK2wOxlQny1apoMRGywdkGqKci5qCrbXjCxHN+twgURZwDnseB+RZGN9FhyFIU\njnzZ3SkTtWG4oGsYQYeNS+ifbrkHI1M7zVJ+udWC6SjfuzcSoWdgvpJebCjWXr1S\nfb4z+g7rwrJ7sHg53FEQtVnRk2PDUOUSaWTchAb5s4DZorvo+bdP2wQ7XY+P8m77\nbllX3SI2/oykeGLaYuKCIknvFRGvf90L0U9G3FiJFdjSSlHyfTm4cI4kegh0NImz\nCqqlMihgahcLM+VQ+YYsHp3MkhU9BU4B/mZuPPVCQojiGgwJXsgk+m2L7U2cBHt5\nnu4HAoIBAQCY7c4aBN8+e1kOmh2JHrhReciN+P5dXrUhIvWQRS+DoxPw67QRJP76\nkmAOl1XeAhwBEp3yenAfTw9+2k7GkYXlECI4r3u9IpkOiXDaF9QrGxI4oO9DuS6S\na1sIGC7oclHSYZ6crfszgk7AcdNAx9sBC33YB92iFpYfyOKc+w+hFfSazrGmMUTu\ntCl8ImQJaqVxF7EqVap6Lx+dlR1FfsQo3nUH0uSowjZThqxynWW5tNfJzG++B99R\nLaO0jz/LtRZoywnn7rx7ejXzz02LUdg1CO45MwaS6pbf35OGUgh6Tpyo+eMosRxc\nWmqsbx3XUsk/UFEaYRIyPm4k+sIwRhEpAoIBAQCkLgWHtA+SZZXXYpabMmllhqMJ\nKZM3PFt9dwNhg6Bnycoif7SvXTIwJ1jitAkDQhjsYz+MYvPgBCToIYTvHG6UmuaH\nACuOGoQyZHhvqtEEmiU05RQaMa5za+KHF+HiFa57Sz1bt2aC+nxC6tJTPTrqushc\n5CE8Jurg+9k+ZCJ5f+9kgnzgYi59wYzRBO2mj2xVGGxxr+vNFEG1Ys6P6v/w/kFR\ndhN1N8eZXVp0viqTffiOsxLHet0JdZXM+Q6iGEl7tXRh2A0mJiNm4Wsvj2ZHV+ob\nt81l3WNRX+1KPIlwy7K+ASxcpLaJg5KCp/VtipYotUViWKBO+S6Paz7C9dM4\n-----END RSA PRIVATE KEY-----\n",
            "private_key_pem_pkcs8": "-----BEGIN PRIVATE KEY-----\nMIIJQwIBADANBgkqhkiG9w0BAQEFAASCCS0wggkpAgEAAoICAQCsnsomUnW2cKT9\nqtezP2B7dStLUNFfYOc/P3TxZEobPerPVfjsue8l3Tvyye4zkirgD5zaDi+ojKPy\ngXRcoR+U3o7/MacJs6ai4LtUJhe2KST7rYAU/IDh1lzhQ5sikufJiVk3h+oL5HkP\nKzkmhFueFU6RgpxD7Kxmp5BY0Q/721yfisuKukEiUQBb6DeSTkwY2W0KbZ+v+6Ar\nCczRWkpSYsOtoPtq4gHEYKuH7BnSy7LjeAwh9zByg2SPMldo2PZGvjLwyoMF9HN6\nYwAuf4R1v2juLmPX0oe64Tc925MWeQnT0uF+JPMtqa8hDgMVb+GAs9mzBJDkfKdF\nEIWr0B9tX21dOXOzptKrl4Fdran5yklhyvbj2F5xY7H8SEEIz9fHQ33RhGAuXHVh\nV+0VCfOI9SSTjfLVRBPBcQD4o55ecF6vveU9hq7uNK9Y4Kypn9Zea5gE8z8LestL\nKpLhRV8xQivYJouC2RwvYY3OPxKxUJ3PA4J5h+sJVPx3btcw80DJk7e7OmayAn47\n3/1Ejef/jBoqOdnzJ50yCDTWWMI0MXoqNIf/eDSl6ICkoEjRNEd68GfrYcYohSJB\nZEn+U6V6ojSnTt0xzZUrpHkTxd9UVpVGYf8z1x9jqtzq7SzbT7spmC5DKYdNMKui\nVmMF22ah4dPxmYKhiloUA7fsAAr9pwIDAQABAoICAGSSU0bGjkyQDqC4c9m8WBM1\n7daArKu8Qp7H8vNdMgvzJCZOeaw6nEncPrwyyDSFubM3hXRKBZxW7IIyyD/bpBHR\nJVErdZ2ibLjC5IGfe/smt6RmrpQLlW9+vDiGchFPs/noqvE+n670G1AqJ674OIS+\n9zqx9Sdh8gQRJnmIvJ5JbQqLDBG0eJRsyx/BCPeV5KIps2z696nJmcTZfdqPl3Ou\nlUFI5JKeQNdQVz/m4Bi/k2cSH0d+xFxDj0ga1XCBz+Lhl75QzsueY9VvbsCojN0p\nexIiNwucXnYUF2JT1rumI4Klf7lF/+Sf0ygYCNXpjGG252R0iZKFydLkUG0M4fGa\n5abDqqjzgkgyBFWRjwCfZgdD/0/ipYBYzoUw1IELlGDiN+X2MyV7MsM8ISBBq4ov\nk91lULS4IWM+JnTc2T3rCseR3fpt26uWgjcIaOs3UCu/RdLqFHA6kd7YQJynErQE\nj6vOjRRRAWGSJ3k2DcNN6nZrtk9CEWHCz4Rl2uV8RzWAMBbwCBOYKrBmUXWR76Px\n28G9yR1eIeKV2sKVvJK/92qq/2hqJXeRq9xJlD8VUpxKo0AVyNNwXLNYA97/NSvR\n0y6PmgRKaAdwCmvXZ53tJRrCZ2kyMW/YroaOh4k+qEFEZx0T9So1WaSwwcy+p3kK\nK+Wx5wY1ebs2GHbsYrhxAoIBAQDGbOAKrBx7M4NCw667/BUa0DMTLFCOwE170lFK\nB03M+uwSAJiPpW+qEt7eF2zMFP/yw+GjpHp/FEG4CSCgiQO/h4O4vvW/TdJ0sK82\n05NA8FI4itSspOlK4qdc2gPFjsrYdmOq9PTLtwxKzqMN+PBUXavmmFYOgrXuRA5u\nZQ3g22+B/Yp1LnSQzxMgYooXN6OET+vxq8GUvzxtywuzydIKTXH6nasHz6puGPS3\nUVZc1XhsHRC7IkB/m7eRcAV7tn7iYWtcy7cjv94+G9Y9rcNH5P96aupTTk5y0Lxa\nb+9cfLICqjm7nq2QGa2xcxBFiI936xeOzdt9KU6ymjvoQBUfAoIBAQDetRryCk2q\nz+9mkJdg1kKdEltj5LJzW5Iery/0l9YjIrbuW5/v8RL1FH/Qn2UHpqIykCE/+C/5\ntxnDRLKxRFyIWo6XxIvN6K2eqTrMqkIyYm4d0HpC3YMii8CPATHRX2F6Anl2d3JX\ngl10gnhN1iSJZzBd3sEi0hPvRShQTvuUs3Kt01M1+8YujLNfLHq788ZLVW0CUehk\nTxSdDXJh4HAs4scNzjpxF6/74x/+au8+A4BRwayQR/qLhZaau57VlfeDFqw1RVbw\nTzEzNZxLm7KPxyIpBXFPIMsGieW9wq6yMW1hy1Yn4MPC5gDwELbjWb1O+JoDwWJY\nQU5pqdwfbL55AoIBAHR/BYaeh9Y5Zy4yjwslNArbA7GVCfLVqmgxEbLB2QaopyLm\noKtteMLEc363CBRFnAOex4H5FkY30WHIUhSOfNndKRO1YbigaxhBh41L6J9uuQcj\nUzvNUn651YLpKN+7NxKhZ2C+kl5sKNZevVJ9vjP6DuvCsnuweDncURC1WdGTY8NQ\n5RJpZNyEBvmzgNmiu+j5t0/bBDtdj4/ybvtuWVfdIjb+jKR4Ytpi4oIiSe8VEa9/\n3QvRT0bcWIkV2NJKUfJ9ObhwjiR6CHQ0ibMKqqUyKGBqFwsz5VD5hiwencySFT0F\nTgH+Zm489UJCiOIaDAleyCT6bYvtTZwEe3me7gcCggEBAJjtzhoE3z57WQ6aHYke\nuFF5yI34/l1etSEi9ZBFL4OjE/DrtBEk/vqSYA6XVd4CHAESnfJ6cB9PD37aTsaR\nheUQIjive70imQ6JcNoX1CsbEjig70O5LpJrWwgYLuhyUdJhnpyt+zOCTsBx00DH\n2wELfdgH3aIWlh/I4pz7D6EV9JrOsaYxRO60KXwiZAlqpXEXsSpVqnovH52VHUV+\nxCjedQfS5KjCNlOGrHKdZbm018nMb74H31Eto7SPP8u1FmjLCefuvHt6NfPPTYtR\n2DUI7jkzBpLqlt/fk4ZSCHpOnKj54yixHFxaaqxvHddSyT9QURphEjI+biT6wjBG\nESkCggEBAKQuBYe0D5JllddilpsyaWWGowkpkzc8W313A2GDoGfJyiJ/tK9dMjAn\nWOK0CQNCGOxjP4xi8+AEJOghhO8cbpSa5ocAK44ahDJkeG+q0QSaJTTlFBoxrnNr\n4ocX4eIVrntLPVu3ZoL6fELq0lM9Ouq6yFzkITwm6uD72T5kInl/72SCfOBiLn3B\njNEE7aaPbFUYbHGv680UQbVizo/q//D+QVF2E3U3x5ldWnS+KpN9+I6zEsd63Ql1\nlcz5DqIYSXu1dGHYDSYmI2bhay+PZkdX6hu3zWXdY1Ff7Uo8iXDLsr4BLFyktomD\nkoKn9W2Klii1RWJYoE75Lo9rPsL10zg=\n-----END PRIVATE KEY-----\n",
            "public_key_fingerprint_md5": "cc:8f:07:26:c1:78:73:57:53:23:e2:a8:8d:80:d6:44",
            "public_key_fingerprint_sha256": "SHA256:DQPOlBrT3NvxHq+Ls6IUm4NbIIKmrJafA5rNHoOWZUU",
            "public_key_openssh": "ssh-rsa AAAAB3NzaC1yc2EAAAADAQABAAACAQCsnsomUnW2cKT9qtezP2B7dStLUNFfYOc/P3TxZEobPerPVfjsue8l3Tvyye4zkirgD5zaDi+ojKPygXRcoR+U3o7/MacJs6ai4LtUJhe2KST7rYAU/IDh1lzhQ5sikufJiVk3h+oL5HkPKzkmhFueFU6RgpxD7Kxmp5BY0Q/721yfisuKukEiUQBb6DeSTkwY2W0KbZ+v+6ArCczRWkpSYsOtoPtq4gHEYKuH7BnSy7LjeAwh9zByg2SPMldo2PZGvjLwyoMF9HN6YwAuf4R1v2juLmPX0oe64Tc925MWeQnT0uF+JPMtqa8hDgMVb+GAs9mzBJDkfKdFEIWr0B9tX21dOXOzptKrl4Fdran5yklhyvbj2F5xY7H8SEEIz9fHQ33RhGAuXHVhV+0VCfOI9SSTjfLVRBPBcQD4o55ecF6vveU9hq7uNK9Y4Kypn9Zea5gE8z8LestLKpLhRV8xQivYJouC2RwvYY3OPxKxUJ3PA4J5h+sJVPx3btcw80DJk7e7OmayAn473/1Ejef/jBoqOdnzJ50yCDTWWMI0MXoqNIf/eDSl6ICkoEjRNEd68GfrYcYohSJBZEn+U6V6ojSnTt0xzZUrpHkTxd9UVpVGYf8z1x9jqtzq7SzbT7spmC5DKYdNMKuiVmMF22ah4dPxmYKhiloUA7fsAAr9pw==\n",
            "public_key_pem": "-----BEGIN PUBLIC KEY-----\nMIICIjANBgkqhkiG9w0BAQEFAAOCAg8AMIICCgKCAgEArJ7KJlJ1tnCk/arXsz9g\ne3UrS1DRX2DnPz908WRKGz3qz1X47LnvJd078snuM5Iq4A+c2g4vqIyj8oF0XKEf\nlN6O/zGnCbOmouC7VCYXtikk+62AFPyA4dZc4UObIpLnyYlZN4fqC+R5Dys5JoRb\nnhVOkYKcQ+ysZqeQWNEP+9tcn4rLirpBIlEAW+g3kk5MGNltCm2fr/ugKwnM0VpK\nUmLDraD7auIBxGCrh+wZ0suy43gMIfcwcoNkjzJXaNj2Rr4y8MqDBfRzemMALn+E\ndb9o7i5j19KHuuE3PduTFnkJ09LhfiTzLamvIQ4DFW/hgLPZswSQ5HynRRCFq9Af\nbV9tXTlzs6bSq5eBXa2p+cpJYcr249hecWOx/EhBCM/Xx0N90YRgLlx1YVftFQnz\niPUkk43y1UQTwXEA+KOeXnBer73lPYau7jSvWOCsqZ/WXmuYBPM/C3rLSyqS4UVf\nMUIr2CaLgtkcL2GNzj8SsVCdzwOCeYfrCVT8d27XMPNAyZO3uzpmsgJ+O9/9RI3n\n/4waKjnZ8yedMgg01ljCNDF6KjSH/3g0peiApKBI0TRHevBn62HGKIUiQWRJ/lOl\neqI0p07dMc2VK6R5E8XfVFaVRmH/M9cfY6rc6u0s20+7KZguQymHTTCrolZjBdtm\noeHT8ZmCoYpaFAO37AAK/acCAwEAAQ==\n-----END PUBLIC KEY-----\n",
            "rsa_bits": 4096
          },
          "sensitive_attributes": []
        }
      ]
    }
  ],
  "check_results": null
}
